
Microsoft Visual Studio Solution File, Format Version 12.00
# Visual Studio Version 17
VisualStudioVersion = 17.9.34607.119
MinimumVisualStudioVersion = 10.0.40219.1
Project("{FAE04EC0-301F-11D3-BF4B-00C04F79EFBC}") = "diploma_desk", "diploma_desk\diploma_desk.csproj", "{DD42B55A-1213-4C0A-A4C0-5FCAF4F5D9E2}"
EndProject
Global
	GlobalSection(SolutionConfigurationPlatforms) = preSolution
		Debug|Any CPU = Debug|Any CPU
		Release|Any CPU = Release|Any CPU
	EndGlobalSection
	GlobalSection(ProjectConfigurationPlatforms) = postSolution
		{DD42B55A-1213-4C0A-A4C0-5FCAF4F5D9E2}.Debug|Any CPU.ActiveCfg = Debug|Any CPU
		{DD42B55A-1213-4C0A-A4C0-5FCAF4F5D9E2}.Debug|Any CPU.Build.0 = Debug|Any CPU
		{DD42B55A-1213-4C0A-A4C0-5FCAF4F5D9E2}.Release|Any CPU.ActiveCfg = Release|Any CPU
		{DD42B55A-1213-4C0A-A4C0-5FCAF4F5D9E2}.Release|Any CPU.Build.0 = Release|Any CPU
	EndGlobalSection
	GlobalSection(SolutionProperties) = preSolution
		HideSolutionNode = FALSE
	EndGlobalSection
	GlobalSection(ExtensibilityGlobals) = postSolution
		SolutionGuid = {B980FF43-CEAC-411E-9BB3-8D26F7EFFD42}
	EndGlobalSection
EndGlobal
